
Microsoft Visual Studio Solution File, Format Version 12.00
# Visual Studio 15
Project("{FAE04EC0-301F-11D3-BF4B-00C04F79EFBC}") = "Meta.WitAi.Conduit", "Meta.WitAi.Conduit.csproj", "{3AACE460-DB0A-E760-0049-03759E39E31A}"
EndProject
Project("{FAE04EC0-301F-11D3-BF4B-00C04F79EFBC}") = "Oculus.VR", "Oculus.VR.csproj", "{B204F540-DD03-D742-E1A3-947B2ED60290}"
EndProject
Project("{FAE04EC0-301F-11D3-BF4B-00C04F79EFBC}") = "Oculus.Interaction", "Oculus.Interaction.csproj", "{924BF54F-ADE8-B2D5-9FE8-3D909C312F5A}"
EndProject
Project("{FAE04EC0-301F-11D3-BF4B-00C04F79EFBC}") = "Oculus.Interaction.Editor", "Oculus.Interaction.Editor.csproj", "{BABB4FC5-EF9C-1A3B-17EB-5042FF3E5679}"
EndProject
Project("{FAE04EC0-301F-11D3-BF4B-00C04F79EFBC}") = "Oculus.Platform", "Oculus.Platform.csproj", "{129A4DBD-6E30-6C1A-779F-99790D84A9AE}"
EndProject
Project("{FAE04EC0-301F-11D3-BF4B-00C04F79EFBC}") = "VoiceSDK.Telemetry", "VoiceSDK.Telemetry.csproj", "{41705F8F-2EAA-6557-3AC9-22EAC244ECBD}"
EndProject
Project("{FAE04EC0-301F-11D3-BF4B-00C04F79EFBC}") = "Assembly-CSharp", "Assembly-CSharp.csproj", "{4C4CE75A-2851-2CCD-005F-10A2480BADBD}"
EndProject
Project("{FAE04EC0-301F-11D3-BF4B-00C04F79EFBC}") = "Meta.WitAi.Lib", "Meta.WitAi.Lib.csproj", "{9D15A18D-396E-4ED6-8E64-7C3E144A8770}"
EndProject
Project("{FAE04EC0-301F-11D3-BF4B-00C04F79EFBC}") = "Oculus.Interaction.OVR.Samples", "Oculus.Interaction.OVR.Samples.csproj", "{069432C7-6498-C568-291F-16EB55401B67}"
EndProject
Project("{FAE04EC0-301F-11D3-BF4B-00C04F79EFBC}") = "Meta.WitAi.Editor", "Meta.WitAi.Editor.csproj", "{08684EE5-1580-5585-2B4D-6971EC8053E6}"
EndProject
Project("{FAE04EC0-301F-11D3-BF4B-00C04F79EFBC}") = "Meta.WitAi.Conduit.Editor", "Meta.WitAi.Conduit.Editor.csproj", "{DBBAF6B7-9A5E-950B-6D9D-A08AF145F044}"
EndProject
Project("{FAE04EC0-301F-11D3-BF4B-00C04F79EFBC}") = "Meta.WitAi", "Meta.WitAi.csproj", "{2A3532B0-D643-BD19-0B93-0437920AF1FD}"
EndProject
Project("{FAE04EC0-301F-11D3-BF4B-00C04F79EFBC}") = "Oculus.VR.Editor", "Oculus.VR.Editor.csproj", "{8394F691-386E-4193-8E35-19A78EF277EB}"
EndProject
Project("{FAE04EC0-301F-11D3-BF4B-00C04F79EFBC}") = "Oculus.Interaction.OVR.Editor", "Oculus.Interaction.OVR.Editor.csproj", "{78B28A48-241D-BAED-654C-904DDA482B47}"
EndProject
Project("{FAE04EC0-301F-11D3-BF4B-00C04F79EFBC}") = "Oculus.LipSync", "Oculus.LipSync.csproj", "{C49B9E91-2FD2-2F34-E6D9-86A276C2FBC5}"
EndProject
Project("{FAE04EC0-301F-11D3-BF4B-00C04F79EFBC}") = "Oculus.Interaction.OVR", "Oculus.Interaction.OVR.csproj", "{0FF28C3A-5428-2723-353C-3509D79ED2C1}"
EndProject
Project("{FAE04EC0-301F-11D3-BF4B-00C04F79EFBC}") = "VoiceSDK.Editor", "VoiceSDK.Editor.csproj", "{A55BA32C-FBD7-C152-2C25-076080F71116}"
EndProject
Project("{FAE04EC0-301F-11D3-BF4B-00C04F79EFBC}") = "Meta.WitAI.Lib.Editor", "Meta.WitAI.Lib.Editor.csproj", "{2C0D9AA4-4DE4-E3C7-B3D9-4134DA383B97}"
EndProject
Project("{FAE04EC0-301F-11D3-BF4B-00C04F79EFBC}") = "Oculus.AudioManager", "Oculus.AudioManager.csproj", "{C133879C-4C8D-6309-93D0-0875B27A88D1}"
EndProject
Project("{FAE04EC0-301F-11D3-BF4B-00C04F79EFBC}") = "Meta.Voice.Samples.BuiltInTimer", "Meta.Voice.Samples.BuiltInTimer.csproj", "{033F916B-0CB9-CE94-8F04-9A959A1F25C8}"
EndProject
Project("{FAE04EC0-301F-11D3-BF4B-00C04F79EFBC}") = "Meta.XR.BuildingBlocks.Editor", "Meta.XR.BuildingBlocks.Editor.csproj", "{5BB9C428-B775-F2DE-6868-2E97400B9009}"
EndProject
Project("{FAE04EC0-301F-11D3-BF4B-00C04F79EFBC}") = "Meta.Voice.VSDKHub.Editor", "Meta.Voice.VSDKHub.Editor.csproj", "{6AFE77BA-1C5B-31E4-FCEE-0F2D341059E2}"
EndProject
Project("{FAE04EC0-301F-11D3-BF4B-00C04F79EFBC}") = "VoiceSDK.Dictation.Runtime", "VoiceSDK.Dictation.Runtime.csproj", "{A9705D60-F775-C410-39BF-37C60C2E8959}"
EndProject
Project("{FAE04EC0-301F-11D3-BF4B-00C04F79EFBC}") = "Meta.WitAi.TTS", "Meta.WitAi.TTS.csproj", "{16035E27-E2A4-09E3-6EB6-5780474AE7FF}"
EndProject
Project("{FAE04EC0-301F-11D3-BF4B-00C04F79EFBC}") = "AssistantCoreSDKRuntime", "AssistantCoreSDKRuntime.csproj", "{7B94A16E-B5FD-0353-0C21-A7436AF491B5}"
EndProject
Project("{FAE04EC0-301F-11D3-BF4B-00C04F79EFBC}") = "Assembly-CSharp-Editor", "Assembly-CSharp-Editor.csproj", "{70DF5BC7-1933-47DF-424E-EF1DAA358516}"
EndProject
Project("{FAE04EC0-301F-11D3-BF4B-00C04F79EFBC}") = "Meta.Voice.Samples.TTSVoices", "Meta.Voice.Samples.TTSVoices.csproj", "{528D6C9A-0EA8-15A7-D079-961DF4C3DCFC}"
EndProject
Project("{FAE04EC0-301F-11D3-BF4B-00C04F79EFBC}") = "VoiceSDK.Runtime", "VoiceSDK.Runtime.csproj", "{60D9334D-5425-1B5E-BE1E-C9C8F23D2559}"
EndProject
Project("{FAE04EC0-301F-11D3-BF4B-00C04F79EFBC}") = "Oculus.VR.Scripts.Editor", "Oculus.VR.Scripts.Editor.csproj", "{E743082B-18C2-8C98-CED2-0558C103382F}"
EndProject
Project("{FAE04EC0-301F-11D3-BF4B-00C04F79EFBC}") = "Meta.Voice.Samples.LightTraits", "Meta.Voice.Samples.LightTraits.csproj", "{D97BF1AB-BF9A-C2F9-1363-7A664953ACB2}"
EndProject
Project("{FAE04EC0-301F-11D3-BF4B-00C04F79EFBC}") = "Meta.Voice.Hub.Editor", "Meta.Voice.Hub.Editor.csproj", "{92CE27F4-B79B-225B-AD03-A48F33F0ED22}"
EndProject
Project("{FAE04EC0-301F-11D3-BF4B-00C04F79EFBC}") = "Oculus.Interaction.Samples.Editor", "Oculus.Interaction.Samples.Editor.csproj", "{C381BB7A-7E19-AB92-487E-B6FD87A078F2}"
EndProject
Project("{FAE04EC0-301F-11D3-BF4B-00C04F79EFBC}") = "Meta.WitAi.TTS.Editor", "Meta.WitAi.TTS.Editor.csproj", "{1607DF95-F650-325C-AB17-94CC3F9828D4}"
EndProject
Project("{FAE04EC0-301F-11D3-BF4B-00C04F79EFBC}") = "Meta.XR.BuildingBlocks", "Meta.XR.BuildingBlocks.csproj", "{34B87969-CC65-2381-E257-CCFE2A073958}"
EndProject
Project("{FAE04EC0-301F-11D3-BF4B-00C04F79EFBC}") = "Oculus.Platform.Editor", "Oculus.Platform.Editor.csproj", "{A51A9294-D933-6F43-B1A1-CC28835F54FA}"
EndProject
Project("{FAE04EC0-301F-11D3-BF4B-00C04F79EFBC}") = "Facebook.Wit.Dictation", "Facebook.Wit.Dictation.csproj", "{C9C21B73-B26A-484F-AC2D-CE45AB6DA675}"
EndProject
Project("{FAE04EC0-301F-11D3-BF4B-00C04F79EFBC}") = "Oculus.Spatializer.Editor", "Oculus.Spatializer.Editor.csproj", "{91A6DCC7-4DF3-CB73-2648-4CB13376E82C}"
EndProject
Project("{FAE04EC0-301F-11D3-BF4B-00C04F79EFBC}") = "Oculus.LipSync.Editor", "Oculus.LipSync.Editor.csproj", "{8073AD2F-5971-61BF-FABB-F48B63063AEC}"
EndProject
Project("{FAE04EC0-301F-11D3-BF4B-00C04F79EFBC}") = "Oculus.AudioManager.Utils.Editor", "Oculus.AudioManager.Utils.Editor.csproj", "{5453B41B-C3FE-ECB5-718B-56E5B60C3598}"
EndProject
Project("{FAE04EC0-301F-11D3-BF4B-00C04F79EFBC}") = "Meta.VoiceSDK.Mic.Common", "Meta.VoiceSDK.Mic.Common.csproj", "{463BBAEC-E2DB-9969-FD3E-B98CE3E68972}"
EndProject
Project("{FAE04EC0-301F-11D3-BF4B-00C04F79EFBC}") = "Meta.Voice.Samples.ShapesConduit", "Meta.Voice.Samples.ShapesConduit.csproj", "{677FB8B3-8E63-B00C-8BC6-05E1A3872C8D}"
EndProject
Project("{FAE04EC0-301F-11D3-BF4B-00C04F79EFBC}") = "Oculus.Spatializer", "Oculus.Spatializer.csproj", "{BCCB120A-4701-A176-1092-5324281D7C11}"
EndProject
Project("{FAE04EC0-301F-11D3-BF4B-00C04F79EFBC}") = "Meta.VoiceSDK.Mic.Other", "Meta.VoiceSDK.Mic.Other.csproj", "{D1CEF421-F54B-CBAD-6511-0C2FCB074F6C}"
EndProject
Project("{FAE04EC0-301F-11D3-BF4B-00C04F79EFBC}") = "Oculus.Interaction.InterfaceSupport", "Oculus.Interaction.InterfaceSupport.csproj", "{E8AE11D3-2E1A-D0A4-D8F3-9209A1080663}"
EndProject
Project("{FAE04EC0-301F-11D3-BF4B-00C04F79EFBC}") = "Oculus.AudioManager.Audio.Editor", "Oculus.AudioManager.Audio.Editor.csproj", "{A1499136-6780-8D2C-F521-1B5B26C51508}"
EndProject
Project("{FAE04EC0-301F-11D3-BF4B-00C04F79EFBC}") = "Meta.Voice.Samples.LiveUnderstanding", "Meta.Voice.Samples.LiveUnderstanding.csproj", "{AF33EA77-5712-1496-F99C-41758C42272D}"
EndProject
Project("{FAE04EC0-301F-11D3-BF4B-00C04F79EFBC}") = "VoiceSDK.Dictation.Editor", "VoiceSDK.Dictation.Editor.csproj", "{D223C158-2E03-F6BA-71C5-D0913D1DBCCD}"
EndProject
Project("{FAE04EC0-301F-11D3-BF4B-00C04F79EFBC}") = "AssistantCoreSDKEditor", "AssistantCoreSDKEditor.csproj", "{BF8C6F80-0238-1A6D-EC5F-A60772BB364F}"
EndProject
Project("{FAE04EC0-301F-11D3-BF4B-00C04F79EFBC}") = "Meta.VoiceSDK.Mic.WebGL", "Meta.VoiceSDK.Mic.WebGL.csproj", "{8C958DFA-8907-F5C7-AA9F-4D4BA236BE2A}"
EndProject
Project("{FAE04EC0-301F-11D3-BF4B-00C04F79EFBC}") = "Meta.Voice.Hub.Runtime", "Meta.Voice.Hub.Runtime.csproj", "{96A232C8-E168-E57D-DAC5-5A045D2945D6}"
EndProject
Project("{FAE04EC0-301F-11D3-BF4B-00C04F79EFBC}") = "Meta.Voice.Samples.Chess", "Meta.Voice.Samples.Chess.csproj", "{0860D377-1D0C-358F-DECC-41BD92FD0E05}"
EndProject
Project("{FAE04EC0-301F-11D3-BF4B-00C04F79EFBC}") = "Meta.Voice.Samples.Dictation", "Meta.Voice.Samples.Dictation.csproj", "{677D3205-8CD5-98E2-21D5-5345AA39E343}"
EndProject
Project("{FAE04EC0-301F-11D3-BF4B-00C04F79EFBC}") = "Meta.Voice.Samples.Shapes", "Meta.Voice.Samples.Shapes.csproj", "{39A3B4D6-BDBA-3108-9553-1241ADED7972}"
EndProject
Project("{FAE04EC0-301F-11D3-BF4B-00C04F79EFBC}") = "Facebook.Wit.Dictation.Editor", "Facebook.Wit.Dictation.Editor.csproj", "{2A48516A-EBBC-544E-5C9C-00E298677A08}"
EndProject
Global
	GlobalSection(SolutionConfigurationPlatforms) = preSolution
		Debug|Any CPU = Debug|Any CPU
		Release|Any CPU = Release|Any CPU
	EndGlobalSection
	GlobalSection(ProjectConfigurationPlatforms) = postSolution
		{3AACE460-DB0A-E760-0049-03759E39E31A}.Debug|Any CPU.ActiveCfg = Debug|Any CPU
		{3AACE460-DB0A-E760-0049-03759E39E31A}.Debug|Any CPU.Build.0 = Debug|Any CPU
		{3AACE460-DB0A-E760-0049-03759E39E31A}.Release|Any CPU.ActiveCfg = Release|Any CPU
		{3AACE460-DB0A-E760-0049-03759E39E31A}.Release|Any CPU.Build.0 = Release|Any CPU
		{B204F540-DD03-D742-E1A3-947B2ED60290}.Debug|Any CPU.ActiveCfg = Debug|Any CPU
		{B204F540-DD03-D742-E1A3-947B2ED60290}.Debug|Any CPU.Build.0 = Debug|Any CPU
		{B204F540-DD03-D742-E1A3-947B2ED60290}.Release|Any CPU.ActiveCfg = Release|Any CPU
		{B204F540-DD03-D742-E1A3-947B2ED60290}.Release|Any CPU.Build.0 = Release|Any CPU
		{924BF54F-ADE8-B2D5-9FE8-3D909C312F5A}.Debug|Any CPU.ActiveCfg = Debug|Any CPU
		{924BF54F-ADE8-B2D5-9FE8-3D909C312F5A}.Debug|Any CPU.Build.0 = Debug|Any CPU
		{924BF54F-ADE8-B2D5-9FE8-3D909C312F5A}.Release|Any CPU.ActiveCfg = Release|Any CPU
		{924BF54F-ADE8-B2D5-9FE8-3D909C312F5A}.Release|Any CPU.Build.0 = Release|Any CPU
		{BABB4FC5-EF9C-1A3B-17EB-5042FF3E5679}.Debug|Any CPU.ActiveCfg = Debug|Any CPU
		{BABB4FC5-EF9C-1A3B-17EB-5042FF3E5679}.Debug|Any CPU.Build.0 = Debug|Any CPU
		{BABB4FC5-EF9C-1A3B-17EB-5042FF3E5679}.Release|Any CPU.ActiveCfg = Release|Any CPU
		{BABB4FC5-EF9C-1A3B-17EB-5042FF3E5679}.Release|Any CPU.Build.0 = Release|Any CPU
		{129A4DBD-6E30-6C1A-779F-99790D84A9AE}.Debug|Any CPU.ActiveCfg = Debug|Any CPU
		{129A4DBD-6E30-6C1A-779F-99790D84A9AE}.Debug|Any CPU.Build.0 = Debug|Any CPU
		{129A4DBD-6E30-6C1A-779F-99790D84A9AE}.Release|Any CPU.ActiveCfg = Release|Any CPU
		{129A4DBD-6E30-6C1A-779F-99790D84A9AE}.Release|Any CPU.Build.0 = Release|Any CPU
		{41705F8F-2EAA-6557-3AC9-22EAC244ECBD}.Debug|Any CPU.ActiveCfg = Debug|Any CPU
		{41705F8F-2EAA-6557-3AC9-22EAC244ECBD}.Debug|Any CPU.Build.0 = Debug|Any CPU
		{41705F8F-2EAA-6557-3AC9-22EAC244ECBD}.Release|Any CPU.ActiveCfg = Release|Any CPU
		{41705F8F-2EAA-6557-3AC9-22EAC244ECBD}.Release|Any CPU.Build.0 = Release|Any CPU
		{4C4CE75A-2851-2CCD-005F-10A2480BADBD}.Debug|Any CPU.ActiveCfg = Debug|Any CPU
		{4C4CE75A-2851-2CCD-005F-10A2480BADBD}.Debug|Any CPU.Build.0 = Debug|Any CPU
		{4C4CE75A-2851-2CCD-005F-10A2480BADBD}.Release|Any CPU.ActiveCfg = Release|Any CPU
		{4C4CE75A-2851-2CCD-005F-10A2480BADBD}.Release|Any CPU.Build.0 = Release|Any CPU
		{9D15A18D-396E-4ED6-8E64-7C3E144A8770}.Debug|Any CPU.ActiveCfg = Debug|Any CPU
		{9D15A18D-396E-4ED6-8E64-7C3E144A8770}.Debug|Any CPU.Build.0 = Debug|Any CPU
		{9D15A18D-396E-4ED6-8E64-7C3E144A8770}.Release|Any CPU.ActiveCfg = Release|Any CPU
		{9D15A18D-396E-4ED6-8E64-7C3E144A8770}.Release|Any CPU.Build.0 = Release|Any CPU
		{069432C7-6498-C568-291F-16EB55401B67}.Debug|Any CPU.ActiveCfg = Debug|Any CPU
		{069432C7-6498-C568-291F-16EB55401B67}.Debug|Any CPU.Build.0 = Debug|Any CPU
		{069432C7-6498-C568-291F-16EB55401B67}.Release|Any CPU.ActiveCfg = Release|Any CPU
		{069432C7-6498-C568-291F-16EB55401B67}.Release|Any CPU.Build.0 = Release|Any CPU
		{08684EE5-1580-5585-2B4D-6971EC8053E6}.Debug|Any CPU.ActiveCfg = Debug|Any CPU
		{08684EE5-1580-5585-2B4D-6971EC8053E6}.Debug|Any CPU.Build.0 = Debug|Any CPU
		{08684EE5-1580-5585-2B4D-6971EC8053E6}.Release|Any CPU.ActiveCfg = Release|Any CPU
		{08684EE5-1580-5585-2B4D-6971EC8053E6}.Release|Any CPU.Build.0 = Release|Any CPU
		{DBBAF6B7-9A5E-950B-6D9D-A08AF145F044}.Debug|Any CPU.ActiveCfg = Debug|Any CPU
		{DBBAF6B7-9A5E-950B-6D9D-A08AF145F044}.Debug|Any CPU.Build.0 = Debug|Any CPU
		{DBBAF6B7-9A5E-950B-6D9D-A08AF145F044}.Release|Any CPU.ActiveCfg = Release|Any CPU
		{DBBAF6B7-9A5E-950B-6D9D-A08AF145F044}.Release|Any CPU.Build.0 = Release|Any CPU
		{2A3532B0-D643-BD19-0B93-0437920AF1FD}.Debug|Any CPU.ActiveCfg = Debug|Any CPU
		{2A3532B0-D643-BD19-0B93-0437920AF1FD}.Debug|Any CPU.Build.0 = Debug|Any CPU
		{2A3532B0-D643-BD19-0B93-0437920AF1FD}.Release|Any CPU.ActiveCfg = Release|Any CPU
		{2A3532B0-D643-BD19-0B93-0437920AF1FD}.Release|Any CPU.Build.0 = Release|Any CPU
		{8394F691-386E-4193-8E35-19A78EF277EB}.Debug|Any CPU.ActiveCfg = Debug|Any CPU
		{8394F691-386E-4193-8E35-19A78EF277EB}.Debug|Any CPU.Build.0 = Debug|Any CPU
		{8394F691-386E-4193-8E35-19A78EF277EB}.Release|Any CPU.ActiveCfg = Release|Any CPU
		{8394F691-386E-4193-8E35-19A78EF277EB}.Release|Any CPU.Build.0 = Release|Any CPU
		{78B28A48-241D-BAED-654C-904DDA482B47}.Debug|Any CPU.ActiveCfg = Debug|Any CPU
		{78B28A48-241D-BAED-654C-904DDA482B47}.Debug|Any CPU.Build.0 = Debug|Any CPU
		{78B28A48-241D-BAED-654C-904DDA482B47}.Release|Any CPU.ActiveCfg = Release|Any CPU
		{78B28A48-241D-BAED-654C-904DDA482B47}.Release|Any CPU.Build.0 = Release|Any CPU
		{C49B9E91-2FD2-2F34-E6D9-86A276C2FBC5}.Debug|Any CPU.ActiveCfg = Debug|Any CPU
		{C49B9E91-2FD2-2F34-E6D9-86A276C2FBC5}.Debug|Any CPU.Build.0 = Debug|Any CPU
		{C49B9E91-2FD2-2F34-E6D9-86A276C2FBC5}.Release|Any CPU.ActiveCfg = Release|Any CPU
		{C49B9E91-2FD2-2F34-E6D9-86A276C2FBC5}.Release|Any CPU.Build.0 = Release|Any CPU
		{0FF28C3A-5428-2723-353C-3509D79ED2C1}.Debug|Any CPU.ActiveCfg = Debug|Any CPU
		{0FF28C3A-5428-2723-353C-3509D79ED2C1}.Debug|Any CPU.Build.0 = Debug|Any CPU
		{0FF28C3A-5428-2723-353C-3509D79ED2C1}.Release|Any CPU.ActiveCfg = Release|Any CPU
		{0FF28C3A-5428-2723-353C-3509D79ED2C1}.Release|Any CPU.Build.0 = Release|Any CPU
		{A55BA32C-FBD7-C152-2C25-076080F71116}.Debug|Any CPU.ActiveCfg = Debug|Any CPU
		{A55BA32C-FBD7-C152-2C25-076080F71116}.Debug|Any CPU.Build.0 = Debug|Any CPU
		{A55BA32C-FBD7-C152-2C25-076080F71116}.Release|Any CPU.ActiveCfg = Release|Any CPU
		{A55BA32C-FBD7-C152-2C25-076080F71116}.Release|Any CPU.Build.0 = Release|Any CPU
		{2C0D9AA4-4DE4-E3C7-B3D9-4134DA383B97}.Debug|Any CPU.ActiveCfg = Debug|Any CPU
		{2C0D9AA4-4DE4-E3C7-B3D9-4134DA383B97}.Debug|Any CPU.Build.0 = Debug|Any CPU
		{2C0D9AA4-4DE4-E3C7-B3D9-4134DA383B97}.Release|Any CPU.ActiveCfg = Release|Any CPU
		{2C0D9AA4-4DE4-E3C7-B3D9-4134DA383B97}.Release|Any CPU.Build.0 = Release|Any CPU
		{C133879C-4C8D-6309-93D0-0875B27A88D1}.Debug|Any CPU.ActiveCfg = Debug|Any CPU
		{C133879C-4C8D-6309-93D0-0875B27A88D1}.Debug|Any CPU.Build.0 = Debug|Any CPU
		{C133879C-4C8D-6309-93D0-0875B27A88D1}.Release|Any CPU.ActiveCfg = Release|Any CPU
		{C133879C-4C8D-6309-93D0-0875B27A88D1}.Release|Any CPU.Build.0 = Release|Any CPU
		{033F916B-0CB9-CE94-8F04-9A959A1F25C8}.Debug|Any CPU.ActiveCfg = Debug|Any CPU
		{033F916B-0CB9-CE94-8F04-9A959A1F25C8}.Debug|Any CPU.Build.0 = Debug|Any CPU
		{033F916B-0CB9-CE94-8F04-9A959A1F25C8}.Release|Any CPU.ActiveCfg = Release|Any CPU
		{033F916B-0CB9-CE94-8F04-9A959A1F25C8}.Release|Any CPU.Build.0 = Release|Any CPU
		{5BB9C428-B775-F2DE-6868-2E97400B9009}.Debug|Any CPU.ActiveCfg = Debug|Any CPU
		{5BB9C428-B775-F2DE-6868-2E97400B9009}.Debug|Any CPU.Build.0 = Debug|Any CPU
		{5BB9C428-B775-F2DE-6868-2E97400B9009}.Release|Any CPU.ActiveCfg = Release|Any CPU
		{5BB9C428-B775-F2DE-6868-2E97400B9009}.Release|Any CPU.Build.0 = Release|Any CPU
		{6AFE77BA-1C5B-31E4-FCEE-0F2D341059E2}.Debug|Any CPU.ActiveCfg = Debug|Any CPU
		{6AFE77BA-1C5B-31E4-FCEE-0F2D341059E2}.Debug|Any CPU.Build.0 = Debug|Any CPU
		{6AFE77BA-1C5B-31E4-FCEE-0F2D341059E2}.Release|Any CPU.ActiveCfg = Release|Any CPU
		{6AFE77BA-1C5B-31E4-FCEE-0F2D341059E2}.Release|Any CPU.Build.0 = Release|Any CPU
		{A9705D60-F775-C410-39BF-37C60C2E8959}.Debug|Any CPU.ActiveCfg = Debug|Any CPU
		{A9705D60-F775-C410-39BF-37C60C2E8959}.Debug|Any CPU.Build.0 = Debug|Any CPU
		{A9705D60-F775-C410-39BF-37C60C2E8959}.Release|Any CPU.ActiveCfg = Release|Any CPU
		{A9705D60-F775-C410-39BF-37C60C2E8959}.Release|Any CPU.Build.0 = Release|Any CPU
		{16035E27-E2A4-09E3-6EB6-5780474AE7FF}.Debug|Any CPU.ActiveCfg = Debug|Any CPU
		{16035E27-E2A4-09E3-6EB6-5780474AE7FF}.Debug|Any CPU.Build.0 = Debug|Any CPU
		{16035E27-E2A4-09E3-6EB6-5780474AE7FF}.Release|Any CPU.ActiveCfg = Release|Any CPU
		{16035E27-E2A4-09E3-6EB6-5780474AE7FF}.Release|Any CPU.Build.0 = Release|Any CPU
		{7B94A16E-B5FD-0353-0C21-A7436AF491B5}.Debug|Any CPU.ActiveCfg = Debug|Any CPU
		{7B94A16E-B5FD-0353-0C21-A7436AF491B5}.Debug|Any CPU.Build.0 = Debug|Any CPU
		{7B94A16E-B5FD-0353-0C21-A7436AF491B5}.Release|Any CPU.ActiveCfg = Release|Any CPU
		{7B94A16E-B5FD-0353-0C21-A7436AF491B5}.Release|Any CPU.Build.0 = Release|Any CPU
		{70DF5BC7-1933-47DF-424E-EF1DAA358516}.Debug|Any CPU.ActiveCfg = Debug|Any CPU
		{70DF5BC7-1933-47DF-424E-EF1DAA358516}.Debug|Any CPU.Build.0 = Debug|Any CPU
		{70DF5BC7-1933-47DF-424E-EF1DAA358516}.Release|Any CPU.ActiveCfg = Release|Any CPU
		{70DF5BC7-1933-47DF-424E-EF1DAA358516}.Release|Any CPU.Build.0 = Release|Any CPU
		{528D6C9A-0EA8-15A7-D079-961DF4C3DCFC}.Debug|Any CPU.ActiveCfg = Debug|Any CPU
		{528D6C9A-0EA8-15A7-D079-961DF4C3DCFC}.Debug|Any CPU.Build.0 = Debug|Any CPU
		{528D6C9A-0EA8-15A7-D079-961DF4C3DCFC}.Release|Any CPU.ActiveCfg = Release|Any CPU
		{528D6C9A-0EA8-15A7-D079-961DF4C3DCFC}.Release|Any CPU.Build.0 = Release|Any CPU
		{60D9334D-5425-1B5E-BE1E-C9C8F23D2559}.Debug|Any CPU.ActiveCfg = Debug|Any CPU
		{60D9334D-5425-1B5E-BE1E-C9C8F23D2559}.Debug|Any CPU.Build.0 = Debug|Any CPU
		{60D9334D-5425-1B5E-BE1E-C9C8F23D2559}.Release|Any CPU.ActiveCfg = Release|Any CPU
		{60D9334D-5425-1B5E-BE1E-C9C8F23D2559}.Release|Any CPU.Build.0 = Release|Any CPU
		{E743082B-18C2-8C98-CED2-0558C103382F}.Debug|Any CPU.ActiveCfg = Debug|Any CPU
		{E743082B-18C2-8C98-CED2-0558C103382F}.Debug|Any CPU.Build.0 = Debug|Any CPU
		{E743082B-18C2-8C98-CED2-0558C103382F}.Release|Any CPU.ActiveCfg = Release|Any CPU
		{E743082B-18C2-8C98-CED2-0558C103382F}.Release|Any CPU.Build.0 = Release|Any CPU
		{D97BF1AB-BF9A-C2F9-1363-7A664953ACB2}.Debug|Any CPU.ActiveCfg = Debug|Any CPU
		{D97BF1AB-BF9A-C2F9-1363-7A664953ACB2}.Debug|Any CPU.Build.0 = Debug|Any CPU
		{D97BF1AB-BF9A-C2F9-1363-7A664953ACB2}.Release|Any CPU.ActiveCfg = Release|Any CPU
		{D97BF1AB-BF9A-C2F9-1363-7A664953ACB2}.Release|Any CPU.Build.0 = Release|Any CPU
		{92CE27F4-B79B-225B-AD03-A48F33F0ED22}.Debug|Any CPU.ActiveCfg = Debug|Any CPU
		{92CE27F4-B79B-225B-AD03-A48F33F0ED22}.Debug|Any CPU.Build.0 = Debug|Any CPU
		{92CE27F4-B79B-225B-AD03-A48F33F0ED22}.Release|Any CPU.ActiveCfg = Release|Any CPU
		{92CE27F4-B79B-225B-AD03-A48F33F0ED22}.Release|Any CPU.Build.0 = Release|Any CPU
		{C381BB7A-7E19-AB92-487E-B6FD87A078F2}.Debug|Any CPU.ActiveCfg = Debug|Any CPU
		{C381BB7A-7E19-AB92-487E-B6FD87A078F2}.Debug|Any CPU.Build.0 = Debug|Any CPU
		{C381BB7A-7E19-AB92-487E-B6FD87A078F2}.Release|Any CPU.ActiveCfg = Release|Any CPU
		{C381BB7A-7E19-AB92-487E-B6FD87A078F2}.Release|Any CPU.Build.0 = Release|Any CPU
		{1607DF95-F650-325C-AB17-94CC3F9828D4}.Debug|Any CPU.ActiveCfg = Debug|Any CPU
		{1607DF95-F650-325C-AB17-94CC3F9828D4}.Debug|Any CPU.Build.0 = Debug|Any CPU
		{1607DF95-F650-325C-AB17-94CC3F9828D4}.Release|Any CPU.ActiveCfg = Release|Any CPU
		{1607DF95-F650-325C-AB17-94CC3F9828D4}.Release|Any CPU.Build.0 = Release|Any CPU
		{34B87969-CC65-2381-E257-CCFE2A073958}.Debug|Any CPU.ActiveCfg = Debug|Any CPU
		{34B87969-CC65-2381-E257-CCFE2A073958}.Debug|Any CPU.Build.0 = Debug|Any CPU
		{34B87969-CC65-2381-E257-CCFE2A073958}.Release|Any CPU.ActiveCfg = Release|Any CPU
		{34B87969-CC65-2381-E257-CCFE2A073958}.Release|Any CPU.Build.0 = Release|Any CPU
		{A51A9294-D933-6F43-B1A1-CC28835F54FA}.Debug|Any CPU.ActiveCfg = Debug|Any CPU
		{A51A9294-D933-6F43-B1A1-CC28835F54FA}.Debug|Any CPU.Build.0 = Debug|Any CPU
		{A51A9294-D933-6F43-B1A1-CC28835F54FA}.Release|Any CPU.ActiveCfg = Release|Any CPU
		{A51A9294-D933-6F43-B1A1-CC28835F54FA}.Release|Any CPU.Build.0 = Release|Any CPU
		{C9C21B73-B26A-484F-AC2D-CE45AB6DA675}.Debug|Any CPU.ActiveCfg = Debug|Any CPU
		{C9C21B73-B26A-484F-AC2D-CE45AB6DA675}.Debug|Any CPU.Build.0 = Debug|Any CPU
		{C9C21B73-B26A-484F-AC2D-CE45AB6DA675}.Release|Any CPU.ActiveCfg = Release|Any CPU
		{C9C21B73-B26A-484F-AC2D-CE45AB6DA675}.Release|Any CPU.Build.0 = Release|Any CPU
		{91A6DCC7-4DF3-CB73-2648-4CB13376E82C}.Debug|Any CPU.ActiveCfg = Debug|Any CPU
		{91A6DCC7-4DF3-CB73-2648-4CB13376E82C}.Debug|Any CPU.Build.0 = Debug|Any CPU
		{91A6DCC7-4DF3-CB73-2648-4CB13376E82C}.Release|Any CPU.ActiveCfg = Release|Any CPU
		{91A6DCC7-4DF3-CB73-2648-4CB13376E82C}.Release|Any CPU.Build.0 = Release|Any CPU
		{8073AD2F-5971-61BF-FABB-F48B63063AEC}.Debug|Any CPU.ActiveCfg = Debug|Any CPU
		{8073AD2F-5971-61BF-FABB-F48B63063AEC}.Debug|Any CPU.Build.0 = Debug|Any CPU
		{8073AD2F-5971-61BF-FABB-F48B63063AEC}.Release|Any CPU.ActiveCfg = Release|Any CPU
		{8073AD2F-5971-61BF-FABB-F48B63063AEC}.Release|Any CPU.Build.0 = Release|Any CPU
		{5453B41B-C3FE-ECB5-718B-56E5B60C3598}.Debug|Any CPU.ActiveCfg = Debug|Any CPU
		{5453B41B-C3FE-ECB5-718B-56E5B60C3598}.Debug|Any CPU.Build.0 = Debug|Any CPU
		{5453B41B-C3FE-ECB5-718B-56E5B60C3598}.Release|Any CPU.ActiveCfg = Release|Any CPU
		{5453B41B-C3FE-ECB5-718B-56E5B60C3598}.Release|Any CPU.Build.0 = Release|Any CPU
		{463BBAEC-E2DB-9969-FD3E-B98CE3E68972}.Debug|Any CPU.ActiveCfg = Debug|Any CPU
		{463BBAEC-E2DB-9969-FD3E-B98CE3E68972}.Debug|Any CPU.Build.0 = Debug|Any CPU
		{463BBAEC-E2DB-9969-FD3E-B98CE3E68972}.Release|Any CPU.ActiveCfg = Release|Any CPU
		{463BBAEC-E2DB-9969-FD3E-B98CE3E68972}.Release|Any CPU.Build.0 = Release|Any CPU
		{677FB8B3-8E63-B00C-8BC6-05E1A3872C8D}.Debug|Any CPU.ActiveCfg = Debug|Any CPU
		{677FB8B3-8E63-B00C-8BC6-05E1A3872C8D}.Debug|Any CPU.Build.0 = Debug|Any CPU
		{677FB8B3-8E63-B00C-8BC6-05E1A3872C8D}.Release|Any CPU.ActiveCfg = Release|Any CPU
		{677FB8B3-8E63-B00C-8BC6-05E1A3872C8D}.Release|Any CPU.Build.0 = Release|Any CPU
		{BCCB120A-4701-A176-1092-5324281D7C11}.Debug|Any CPU.ActiveCfg = Debug|Any CPU
		{BCCB120A-4701-A176-1092-5324281D7C11}.Debug|Any CPU.Build.0 = Debug|Any CPU
		{BCCB120A-4701-A176-1092-5324281D7C11}.Release|Any CPU.ActiveCfg = Release|Any CPU
		{BCCB120A-4701-A176-1092-5324281D7C11}.Release|Any CPU.Build.0 = Release|Any CPU
		{D1CEF421-F54B-CBAD-6511-0C2FCB074F6C}.Debug|Any CPU.ActiveCfg = Debug|Any CPU
		{D1CEF421-F54B-CBAD-6511-0C2FCB074F6C}.Debug|Any CPU.Build.0 = Debug|Any CPU
		{D1CEF421-F54B-CBAD-6511-0C2FCB074F6C}.Release|Any CPU.ActiveCfg = Release|Any CPU
		{D1CEF421-F54B-CBAD-6511-0C2FCB074F6C}.Release|Any CPU.Build.0 = Release|Any CPU
		{E8AE11D3-2E1A-D0A4-D8F3-9209A1080663}.Debug|Any CPU.ActiveCfg = Debug|Any CPU
		{E8AE11D3-2E1A-D0A4-D8F3-9209A1080663}.Debug|Any CPU.Build.0 = Debug|Any CPU
		{E8AE11D3-2E1A-D0A4-D8F3-9209A1080663}.Release|Any CPU.ActiveCfg = Release|Any CPU
		{E8AE11D3-2E1A-D0A4-D8F3-9209A1080663}.Release|Any CPU.Build.0 = Release|Any CPU
		{A1499136-6780-8D2C-F521-1B5B26C51508}.Debug|Any CPU.ActiveCfg = Debug|Any CPU
		{A1499136-6780-8D2C-F521-1B5B26C51508}.Debug|Any CPU.Build.0 = Debug|Any CPU
		{A1499136-6780-8D2C-F521-1B5B26C51508}.Release|Any CPU.ActiveCfg = Release|Any CPU
		{A1499136-6780-8D2C-F521-1B5B26C51508}.Release|Any CPU.Build.0 = Release|Any CPU
		{AF33EA77-5712-1496-F99C-41758C42272D}.Debug|Any CPU.ActiveCfg = Debug|Any CPU
		{AF33EA77-5712-1496-F99C-41758C42272D}.Debug|Any CPU.Build.0 = Debug|Any CPU
		{AF33EA77-5712-1496-F99C-41758C42272D}.Release|Any CPU.ActiveCfg = Release|Any CPU
		{AF33EA77-5712-1496-F99C-41758C42272D}.Release|Any CPU.Build.0 = Release|Any CPU
		{D223C158-2E03-F6BA-71C5-D0913D1DBCCD}.Debug|Any CPU.ActiveCfg = Debug|Any CPU
		{D223C158-2E03-F6BA-71C5-D0913D1DBCCD}.Debug|Any CPU.Build.0 = Debug|Any CPU
		{D223C158-2E03-F6BA-71C5-D0913D1DBCCD}.Release|Any CPU.ActiveCfg = Release|Any CPU
		{D223C158-2E03-F6BA-71C5-D0913D1DBCCD}.Release|Any CPU.Build.0 = Release|Any CPU
		{BF8C6F80-0238-1A6D-EC5F-A60772BB364F}.Debug|Any CPU.ActiveCfg = Debug|Any CPU
		{BF8C6F80-0238-1A6D-EC5F-A60772BB364F}.Debug|Any CPU.Build.0 = Debug|Any CPU
		{BF8C6F80-0238-1A6D-EC5F-A60772BB364F}.Release|Any CPU.ActiveCfg = Release|Any CPU
		{BF8C6F80-0238-1A6D-EC5F-A60772BB364F}.Release|Any CPU.Build.0 = Release|Any CPU
		{8C958DFA-8907-F5C7-AA9F-4D4BA236BE2A}.Debug|Any CPU.ActiveCfg = Debug|Any CPU
		{8C958DFA-8907-F5C7-AA9F-4D4BA236BE2A}.Debug|Any CPU.Build.0 = Debug|Any CPU
		{8C958DFA-8907-F5C7-AA9F-4D4BA236BE2A}.Release|Any CPU.ActiveCfg = Release|Any CPU
		{8C958DFA-8907-F5C7-AA9F-4D4BA236BE2A}.Release|Any CPU.Build.0 = Release|Any CPU
		{96A232C8-E168-E57D-DAC5-5A045D2945D6}.Debug|Any CPU.ActiveCfg = Debug|Any CPU
		{96A232C8-E168-E57D-DAC5-5A045D2945D6}.Debug|Any CPU.Build.0 = Debug|Any CPU
		{96A232C8-E168-E57D-DAC5-5A045D2945D6}.Release|Any CPU.ActiveCfg = Release|Any CPU
		{96A232C8-E168-E57D-DAC5-5A045D2945D6}.Release|Any CPU.Build.0 = Release|Any CPU
		{0860D377-1D0C-358F-DECC-41BD92FD0E05}.Debug|Any CPU.ActiveCfg = Debug|Any CPU
		{0860D377-1D0C-358F-DECC-41BD92FD0E05}.Debug|Any CPU.Build.0 = Debug|Any CPU
		{0860D377-1D0C-358F-DECC-41BD92FD0E05}.Release|Any CPU.ActiveCfg = Release|Any CPU
		{0860D377-1D0C-358F-DECC-41BD92FD0E05}.Release|Any CPU.Build.0 = Release|Any CPU
		{677D3205-8CD5-98E2-21D5-5345AA39E343}.Debug|Any CPU.ActiveCfg = Debug|Any CPU
		{677D3205-8CD5-98E2-21D5-5345AA39E343}.Debug|Any CPU.Build.0 = Debug|Any CPU
		{677D3205-8CD5-98E2-21D5-5345AA39E343}.Release|Any CPU.ActiveCfg = Release|Any CPU
		{677D3205-8CD5-98E2-21D5-5345AA39E343}.Release|Any CPU.Build.0 = Release|Any CPU
		{39A3B4D6-BDBA-3108-9553-1241ADED7972}.Debug|Any CPU.ActiveCfg = Debug|Any CPU
		{39A3B4D6-BDBA-3108-9553-1241ADED7972}.Debug|Any CPU.Build.0 = Debug|Any CPU
		{39A3B4D6-BDBA-3108-9553-1241ADED7972}.Release|Any CPU.ActiveCfg = Release|Any CPU
		{39A3B4D6-BDBA-3108-9553-1241ADED7972}.Release|Any CPU.Build.0 = Release|Any CPU
		{2A48516A-EBBC-544E-5C9C-00E298677A08}.Debug|Any CPU.ActiveCfg = Debug|Any CPU
		{2A48516A-EBBC-544E-5C9C-00E298677A08}.Debug|Any CPU.Build.0 = Debug|Any CPU
		{2A48516A-EBBC-544E-5C9C-00E298677A08}.Release|Any CPU.ActiveCfg = Release|Any CPU
		{2A48516A-EBBC-544E-5C9C-00E298677A08}.Release|Any CPU.Build.0 = Release|Any CPU
	EndGlobalSection
	GlobalSection(SolutionProperties) = preSolution
		HideSolutionNode = FALSE
	EndGlobalSection
EndGlobal
